# THIS IS AN AUTOGENERATED FILE. DO NOT EDIT THIS FILE DIRECTLY.
# yarn lockfile v1


asap@~2.0.3:
  version "2.0.6"
  resolved "https://registry.npmjs.org/asap/-/asap-2.0.6.tgz#e50347611d7e690943208bbdafebcbc2fb866d46"

base-64@0.1.0:
  version "0.1.0"
  resolved "https://registry.npmjs.org/base-64/-/base-64-0.1.0.tgz#780a99c84e7d600260361511c4877613bf24f6bb"

base64-js@^1.1.2:
  version "1.3.0"
  resolved "https://registry.npmjs.org/base64-js/-/base64-js-1.3.0.tgz#cab1e6118f051095e58b5281aea8c1cd22bfc0e3"

core-js@^1.0.0:
  version "1.2.7"
  resolved "http://registry.npmjs.org/core-js/-/core-js-1.2.7.tgz#652294c14651db28fa93bd2d5ff2983a4f08c636"

d@1:
  version "1.0.0"
  resolved "http://registry.npmjs.org/d/-/d-1.0.0.tgz#754bb5bfe55451da69a58b94d45f4c5b0462d58f"
  dependencies:
    es5-ext "^0.10.9"

encoding@^0.1.11:
  version "0.1.12"
  resolved "https://registry.npmjs.org/encoding/-/encoding-0.1.12.tgz#538b66f3ee62cd1ab51ec323829d1f9480c74beb"
  dependencies:
    iconv-lite "~0.4.13"

es5-ext@^0.10.35, es5-ext@^0.10.9, es5-ext@~0.10.14:
  version "0.10.46"
  resolved "https://registry.npmjs.org/es5-ext/-/es5-ext-0.10.46.tgz#efd99f67c5a7ec789baa3daa7f79870388f7f572"
  dependencies:
    es6-iterator "~2.0.3"
    es6-symbol "~3.1.1"
    next-tick "1"

es6-iterator@^2.0.3, es6-iterator@~2.0.3:
  version "2.0.3"
  resolved "https://registry.npmjs.org/es6-iterator/-/es6-iterator-2.0.3.tgz#a7de889141a05a94b0854403b2d0a0fbfa98f3b7"
  dependencies:
    d "1"
    es5-ext "^0.10.35"
    es6-symbol "^3.1.1"

es6-symbol@^3.1.1, es6-symbol@~3.1.1:
  version "3.1.1"
  resolved "https://registry.npmjs.org/es6-symbol/-/es6-symbol-3.1.1.tgz#bf00ef4fdab6ba1b46ecb7b629b4c7ed5715cc77"
  dependencies:
    d "1"
    es5-ext "~0.10.14"

event-target-shim@^1.0.5:
  version "1.1.1"
  resolved "https://registry.npmjs.org/event-target-shim/-/event-target-shim-1.1.1.tgz#a86e5ee6bdaa16054475da797ccddf0c55698491"

fbjs@^0.8.16:
  version "0.8.17"
  resolved "https://registry.npmjs.org/fbjs/-/fbjs-0.8.17.tgz#c4d598ead6949112653d6588b01a5cdcd9f90fdd"
  dependencies:
    core-js "^1.0.0"
    isomorphic-fetch "^2.1.1"
    loose-envify "^1.0.0"
    object-assign "^4.1.0"
    promise "^7.1.1"
    setimmediate "^1.0.5"
    ua-parser-js "^0.7.18"

iconv-lite@~0.4.13:
  version "0.4.24"
  resolved "https://registry.npmjs.org/iconv-lite/-/iconv-lite-0.4.24.tgz#2022b4b25fbddc21d2f524974a474aafe733908b"
  dependencies:
    safer-buffer ">= 2.1.2 < 3"

is-stream@^1.0.1:
  version "1.1.0"
  resolved "https://registry.npmjs.org/is-stream/-/is-stream-1.1.0.tgz#12d4a3dd4e68e0b79ceb8dbc84173ae80d91ca44"

isomorphic-fetch@^2.1.1:
  version "2.2.1"
  resolved "https://registry.npmjs.org/isomorphic-fetch/-/isomorphic-fetch-2.2.1.tgz#611ae1acf14f5e81f729507472819fe9733558a9"
  dependencies:
    node-fetch "^1.0.1"
    whatwg-fetch ">=0.10.0"

"jitsi-meet-logger@github:jitsi/jitsi-meet-logger#6fff754a77a56ab52499f3559105a15886942a1e":
  version "0.1.1"
  resolved "https://codeload.github.com/jitsi/jitsi-meet-logger/tar.gz/6fff754a77a56ab52499f3559105a15886942a1e"

jquery@^2.1.4:
  version "2.2.4"
  resolved "https://registry.npmjs.org/jquery/-/jquery-2.2.4.tgz#2c89d6889b5eac522a7eea32c14521559c6cbf02"

"js-tokens@^3.0.0 || ^4.0.0":
  version "4.0.0"
  resolved "https://registry.npmjs.org/js-tokens/-/js-tokens-4.0.0.tgz#19203fb59991df98e3a287050d4647cdeaf32499"

jssha@^2.2.0:
  version "2.3.1"
  resolved "https://registry.npmjs.org/jssha/-/jssha-2.3.1.tgz#147b2125369035ca4b2f7d210dc539f009b3de9a"

loose-envify@^1.0.0, loose-envify@^1.1.0, loose-envify@^1.3.1:
  version "1.4.0"
  resolved "https://registry.npmjs.org/loose-envify/-/loose-envify-1.4.0.tgz#71ee51fa7be4caec1a63839f7e682d8132d30caf"
  dependencies:
    js-tokens "^3.0.0 || ^4.0.0"

next-tick@1:
  version "1.0.0"
  resolved "http://registry.npmjs.org/next-tick/-/next-tick-1.0.0.tgz#ca86d1fe8828169b0120208e3dc8424b9db8342c"

node-fetch@^1.0.1:
  version "1.7.3"
  resolved "https://registry.npmjs.org/node-fetch/-/node-fetch-1.7.3.tgz#980f6f72d85211a5347c6b2bc18c5b84c3eb47ef"
  dependencies:
    encoding "^0.1.11"
    is-stream "^1.0.1"

object-assign@^4.1.0, object-assign@^4.1.1:
  version "4.1.1"
  resolved "https://registry.npmjs.org/object-assign/-/object-assign-4.1.1.tgz#2109adc7965887cfc05cbbd442cac8bfbb360863"

promise@^7.1.1:
  version "7.3.1"
  resolved "https://registry.npmjs.org/promise/-/promise-7.3.1.tgz#064b72602b18f90f29192b8b1bc418ffd1ebd3bf"
  dependencies:
    asap "~2.0.3"

prop-types@^15.5.10, prop-types@^15.6.0:
  version "15.6.2"
  resolved "https://registry.npmjs.org/prop-types/-/prop-types-15.6.2.tgz#05d5ca77b4453e985d60fc7ff8c859094a497102"
  dependencies:
    loose-envify "^1.3.1"
    object-assign "^4.1.1"

react-native-background-timer@2.0.0:
  version "2.0.0"
  resolved "https://registry.npmjs.org/react-native-background-timer/-/react-native-background-timer-2.0.0.tgz#afdac10b7441952d570acea4a8dbb065107b5461"

react-native-callstats@^3.28.2:
  version "3.56.0"
  resolved "https://registry.npmjs.org/react-native-callstats/-/react-native-callstats-3.56.0.tgz#0a620394c8dfa12d6c55ed6b419535391f1d0fd4"
  dependencies:
    base-64 "0.1.0"
    jssha "^2.2.0"

react-native-webrtc@^1.58.3:
  version "1.67.1"
  resolved "https://registry.npmjs.org/react-native-webrtc/-/react-native-webrtc-1.67.1.tgz#19c20f7f5fa3fe6c6e893922c0338233835f45b4"
  dependencies:
    base64-js "^1.1.2"
    event-target-shim "^1.0.5"
    prop-types "^15.5.10"

react@16.2.0:
  version "16.2.0"
  resolved "https://registry.npmjs.org/react/-/react-16.2.0.tgz#a31bd2dab89bff65d42134fa187f24d054c273ba"
  dependencies:
    fbjs "^0.8.16"
    loose-envify "^1.1.0"
    object-assign "^4.1.1"
    prop-types "^15.6.0"

"safer-buffer@>= 2.1.2 < 3":
  version "2.1.2"
  resolved "https://registry.npmjs.org/safer-buffer/-/safer-buffer-2.1.2.tgz#44fa161b0187b9549dd84bb91802f9bd8385cd6a"

setimmediate@^1.0.5:
  version "1.0.5"
  resolved "https://registry.npmjs.org/setimmediate/-/setimmediate-1.0.5.tgz#290cbb232e306942d7d7ea9b83732ab7856f8285"

ua-parser-js@^0.7.18:
  version "0.7.19"
  resolved "https://registry.npmjs.org/ua-parser-js/-/ua-parser-js-0.7.19.tgz#94151be4c0a7fb1d001af7022fdaca4642659e4b"

url-polyfill@^1.1.0:
  version "1.1.0"
  resolved "https://registry.npmjs.org/url-polyfill/-/url-polyfill-1.1.0.tgz#d34e1a596d954b864bc8608f84c592820df422db"

whatwg-fetch@>=0.10.0:
  version "3.0.0"
  resolved "https://registry.npmjs.org/whatwg-fetch/-/whatwg-fetch-3.0.0.tgz#fc804e458cc460009b1a2b966bc8817d2578aefb"

xmldom@^0.1.27:
  version "0.1.27"
  resolved "https://registry.npmjs.org/xmldom/-/xmldom-0.1.27.tgz#d501f97b3bdb403af8ef9ecc20573187aadac0e9"
